
Microsoft Visual Studio Solution File, Format Version 12.00
# Visual Studio Version 17
VisualStudioVersion = 17.3.32825.248
MinimumVisualStudioVersion = 10.0.40219.1
Project("{FAE04EC0-301F-11D3-BF4B-00C04F79EFBC}") = "E_Commerce", "E_Commerce\E_Commerce.csproj", "{C44B9E77-F0F1-489A-9590-E31A219F1885}"
EndProject
Global
	GlobalSection(SolutionConfigurationPlatforms) = preSolution
		Debug|Any CPU = Debug|Any CPU
		Release|Any CPU = Release|Any CPU
	EndGlobalSection
	GlobalSection(ProjectConfigurationPlatforms) = postSolution
		{C44B9E77-F0F1-489A-9590-E31A219F1885}.Debug|Any CPU.ActiveCfg = Debug|Any CPU
		{C44B9E77-F0F1-489A-9590-E31A219F1885}.Debug|Any CPU.Build.0 = Debug|Any CPU
		{C44B9E77-F0F1-489A-9590-E31A219F1885}.Release|Any CPU.ActiveCfg = Release|Any CPU
		{C44B9E77-F0F1-489A-9590-E31A219F1885}.Release|Any CPU.Build.0 = Release|Any CPU
	EndGlobalSection
	GlobalSection(SolutionProperties) = preSolution
		HideSolutionNode = FALSE
	EndGlobalSection
	GlobalSection(ExtensibilityGlobals) = postSolution
		SolutionGuid = {75913DF3-3674-447C-8B3C-4428F7A98A14}
	EndGlobalSection
EndGlobal
